
Microsoft Visual Studio Solution File, Format Version 12.00
# Visual Studio Version 16
VisualStudioVersion = 16.0.29806.167
MinimumVisualStudioVersion = 10.0.40219.1
Project("{8BC9CEB8-8B4A-11D0-8D11-00A0C91BC942}") = "Escalonador", "Escalonador\Escalonador.vcxproj", "{C0B0E5FE-BA0C-4D18-BAD1-BE9F602E1EAF}"
EndProject
Global
	GlobalSection(SolutionConfigurationPlatforms) = preSolution
		Debug|x64 = Debug|x64
		Debug|x86 = Debug|x86
		Release|x64 = Release|x64
		Release|x86 = Release|x86
	EndGlobalSection
	GlobalSection(ProjectConfigurationPlatforms) = postSolution
		{C0B0E5FE-BA0C-4D18-BAD1-BE9F602E1EAF}.Debug|x64.ActiveCfg = Debug|x64
		{C0B0E5FE-BA0C-4D18-BAD1-BE9F602E1EAF}.Debug|x64.Build.0 = Debug|x64
		{C0B0E5FE-BA0C-4D18-BAD1-BE9F602E1EAF}.Debug|x86.ActiveCfg = Debug|Win32
		{C0B0E5FE-BA0C-4D18-BAD1-BE9F602E1EAF}.Debug|x86.Build.0 = Debug|Win32
		{C0B0E5FE-BA0C-4D18-BAD1-BE9F602E1EAF}.Release|x64.ActiveCfg = Release|x64
		{C0B0E5FE-BA0C-4D18-BAD1-BE9F602E1EAF}.Release|x64.Build.0 = Release|x64
		{C0B0E5FE-BA0C-4D18-BAD1-BE9F602E1EAF}.Release|x86.ActiveCfg = Release|Win32
		{C0B0E5FE-BA0C-4D18-BAD1-BE9F602E1EAF}.Release|x86.Build.0 = Release|Win32
	EndGlobalSection
	GlobalSection(SolutionProperties) = preSolution
		HideSolutionNode = FALSE
	EndGlobalSection
	GlobalSection(ExtensibilityGlobals) = postSolution
		SolutionGuid = {58BD7B8F-BC65-4841-970F-96E32D46FC1F}
	EndGlobalSection
EndGlobal
